{
  "version": 4,
  "terraform_version": "0.15.1",
  "serial": 2,
  "lineage": "192c838d-d3d0-cec8-b70c-49ec186fc9fb",
  "outputs": {
    "vpc_id": {
      "value": "vpc-07960bcdd10b2a93d",
      "type": "string"
    }
  },
  "resources": [
    {
      "mode": "managed",
      "type": "aws_vpc",
      "name": "main",
      "provider": "provider[\"registry.terraform.io/hashicorp/aws\"]",
      "instances": [
        {
          "schema_version": 1,
          "attributes": {
            "arn": "arn:aws:ec2:ap-northeast-1:481161623260:vpc/vpc-07960bcdd10b2a93d",
            "assign_generated_ipv6_cidr_block": false,
            "cidr_block": "192.168.0.0/16",
            "default_network_acl_id": "acl-06dd246e4609a2976",
            "default_route_table_id": "rtb-06d297e72ab6f83f8",
            "default_security_group_id": "sg-02c6465b499645bd9",
            "dhcp_options_id": "dopt-b3eefcd4",
            "enable_classiclink": false,
            "enable_classiclink_dns_support": false,
            "enable_dns_hostnames": true,
            "enable_dns_support": true,
            "id": "vpc-07960bcdd10b2a93d",
            "instance_tenancy": "default",
            "ipv6_association_id": "",
            "ipv6_cidr_block": "",
            "main_route_table_id": "rtb-06d297e72ab6f83f8",
            "owner_id": "481161623260",
            "tags": {
              "Name": "main"
            },
            "tags_all": {
              "Name": "main"
            }
          },
          "sensitive_attributes": [],
          "private": "eyJzY2hlbWFfdmVyc2lvbiI6IjEifQ=="
        }
      ]
    }
  ]
}
